// !$*UTF8*$!
{
	archiveVersion = 1;
	classes = {
	};
	objectVersion = 56;
	objects = {

/* Begin PBXBuildFile section */
		A298C4F42A94388D0006FB3D /* AppDelegate.swift in Sources */ = {isa = PBXBuildFile; fileRef = A298C4F32A94388D0006FB3D /* AppDelegate.swift */; };
		A298C4F62A94388D0006FB3D /* SceneDelegate.swift in Sources */ = {isa = PBXBuildFile; fileRef = A298C4F52A94388D0006FB3D /* SceneDelegate.swift */; };
		A298C4F82A94388D0006FB3D /* ViewController.swift in Sources */ = {isa = PBXBuildFile; fileRef = A298C4F72A94388D0006FB3D /* ViewController.swift */; };
		A298C4FB2A94388D0006FB3D /* Main.storyboard in Resources */ = {isa = PBXBuildFile; fileRef = A298C4F92A94388D0006FB3D /* Main.storyboard */; };
		A298C4FE2A94388D0006FB3D /* CleanSwift_AppleMusicApp.xcdatamodeld in Sources */ = {isa = PBXBuildFile; fileRef = A298C4FC2A94388D0006FB3D /* CleanSwift_AppleMusicApp.xcdatamodeld */; };
		A298C5002A94388E0006FB3D /* Assets.xcassets in Resources */ = {isa = PBXBuildFile; fileRef = A298C4FF2A94388E0006FB3D /* Assets.xcassets */; };
		A298C5032A94388E0006FB3D /* LaunchScreen.storyboard in Resources */ = {isa = PBXBuildFile; fileRef = A298C5012A94388E0006FB3D /* LaunchScreen.storyboard */; };
		A298C50C2A9439A30006FB3D /* MusicSearchConfigurator.swift in Sources */ = {isa = PBXBuildFile; fileRef = A298C50B2A9439A30006FB3D /* MusicSearchConfigurator.swift */; };
		A298C50E2A9439CC0006FB3D /* MusicSearchViewController.swift in Sources */ = {isa = PBXBuildFile; fileRef = A298C50D2A9439CC0006FB3D /* MusicSearchViewController.swift */; };
		A298C5152A943A260006FB3D /* MusicSearchInteractor.swift in Sources */ = {isa = PBXBuildFile; fileRef = A298C5142A943A260006FB3D /* MusicSearchInteractor.swift */; };
		A298C5172A943A3B0006FB3D /* MusicSearchPresenter.swift in Sources */ = {isa = PBXBuildFile; fileRef = A298C5162A943A3B0006FB3D /* MusicSearchPresenter.swift */; };
		A298C51A2A943A6D0006FB3D /* MusicSearchWorker.swift in Sources */ = {isa = PBXBuildFile; fileRef = A298C5192A943A6D0006FB3D /* MusicSearchWorker.swift */; };
		A298C51D2A943F280006FB3D /* MusicKitManager.swift in Sources */ = {isa = PBXBuildFile; fileRef = A298C51C2A943F280006FB3D /* MusicKitManager.swift */; };
		A298C5202A9443AD0006FB3D /* MusicSearchModels.swift in Sources */ = {isa = PBXBuildFile; fileRef = A298C51F2A9443AD0006FB3D /* MusicSearchModels.swift */; };
/* End PBXBuildFile section */

/* Begin PBXFileReference section */
		A298C4F02A94388D0006FB3D /* CleanSwift-AppleMusicApp.app */ = {isa = PBXFileReference; explicitFileType = wrapper.application; includeInIndex = 0; path = "CleanSwift-AppleMusicApp.app"; sourceTree = BUILT_PRODUCTS_DIR; };
		A298C4F32A94388D0006FB3D /* AppDelegate.swift */ = {isa = PBXFileReference; lastKnownFileType = sourcecode.swift; path = AppDelegate.swift; sourceTree = "<group>"; };
		A298C4F52A94388D0006FB3D /* SceneDelegate.swift */ = {isa = PBXFileReference; lastKnownFileType = sourcecode.swift; path = SceneDelegate.swift; sourceTree = "<group>"; };
		A298C4F72A94388D0006FB3D /* ViewController.swift */ = {isa = PBXFileReference; lastKnownFileType = sourcecode.swift; path = ViewController.swift; sourceTree = "<group>"; };
		A298C4FA2A94388D0006FB3D /* Base */ = {isa = PBXFileReference; lastKnownFileType = file.storyboard; name = Base; path = Base.lproj/Main.storyboard; sourceTree = "<group>"; };
		A298C4FD2A94388D0006FB3D /* CleanSwift_AppleMusicApp.xcdatamodel */ = {isa = PBXFileReference; lastKnownFileType = wrapper.xcdatamodel; path = CleanSwift_AppleMusicApp.xcdatamodel; sourceTree = "<group>"; };
		A298C4FF2A94388E0006FB3D /* Assets.xcassets */ = {isa = PBXFileReference; lastKnownFileType = folder.assetcatalog; path = Assets.xcassets; sourceTree = "<group>"; };
		A298C5022A94388E0006FB3D /* Base */ = {isa = PBXFileReference; lastKnownFileType = file.storyboard; name = Base; path = Base.lproj/LaunchScreen.storyboard; sourceTree = "<group>"; };
		A298C5042A94388E0006FB3D /* Info.plist */ = {isa = PBXFileReference; lastKnownFileType = text.plist.xml; path = Info.plist; sourceTree = "<group>"; };
		A298C50B2A9439A30006FB3D /* MusicSearchConfigurator.swift */ = {isa = PBXFileReference; lastKnownFileType = sourcecode.swift; path = MusicSearchConfigurator.swift; sourceTree = "<group>"; };
		A298C50D2A9439CC0006FB3D /* MusicSearchViewController.swift */ = {isa = PBXFileReference; lastKnownFileType = sourcecode.swift; path = MusicSearchViewController.swift; sourceTree = "<group>"; };
		A298C5142A943A260006FB3D /* MusicSearchInteractor.swift */ = {isa = PBXFileReference; lastKnownFileType = sourcecode.swift; path = MusicSearchInteractor.swift; sourceTree = "<group>"; };
		A298C5162A943A3B0006FB3D /* MusicSearchPresenter.swift */ = {isa = PBXFileReference; lastKnownFileType = sourcecode.swift; path = MusicSearchPresenter.swift; sourceTree = "<group>"; };
		A298C5192A943A6D0006FB3D /* MusicSearchWorker.swift */ = {isa = PBXFileReference; lastKnownFileType = sourcecode.swift; path = MusicSearchWorker.swift; sourceTree = "<group>"; };
		A298C51C2A943F280006FB3D /* MusicKitManager.swift */ = {isa = PBXFileReference; lastKnownFileType = sourcecode.swift; path = MusicKitManager.swift; sourceTree = "<group>"; };
		A298C51F2A9443AD0006FB3D /* MusicSearchModels.swift */ = {isa = PBXFileReference; lastKnownFileType = sourcecode.swift; path = MusicSearchModels.swift; sourceTree = "<group>"; };
/* End PBXFileReference section */

/* Begin PBXFrameworksBuildPhase section */
		A298C4ED2A94388D0006FB3D /* Frameworks */ = {
			isa = PBXFrameworksBuildPhase;
			buildActionMask = 2147483647;
			files = (
			);
			runOnlyForDeploymentPostprocessing = 0;
		};
/* End PBXFrameworksBuildPhase section */

/* Begin PBXGroup section */
		A298C4E72A94388D0006FB3D = {
			isa = PBXGroup;
			children = (
				A298C4F22A94388D0006FB3D /* CleanSwift-AppleMusicApp */,
				A298C4F12A94388D0006FB3D /* Products */,
			);
			sourceTree = "<group>";
		};
		A298C4F12A94388D0006FB3D /* Products */ = {
			isa = PBXGroup;
			children = (
				A298C4F02A94388D0006FB3D /* CleanSwift-AppleMusicApp.app */,
			);
			name = Products;
			sourceTree = "<group>";
		};
		A298C4F22A94388D0006FB3D /* CleanSwift-AppleMusicApp */ = {
			isa = PBXGroup;
			children = (
				A298C51B2A943F1A0006FB3D /* Managers */,
				A298C50A2A9438DC0006FB3D /* MusicSearchModule */,
				A298C4F32A94388D0006FB3D /* AppDelegate.swift */,
				A298C4F52A94388D0006FB3D /* SceneDelegate.swift */,
				A298C4F72A94388D0006FB3D /* ViewController.swift */,
				A298C4F92A94388D0006FB3D /* Main.storyboard */,
				A298C4FF2A94388E0006FB3D /* Assets.xcassets */,
				A298C5012A94388E0006FB3D /* LaunchScreen.storyboard */,
				A298C5042A94388E0006FB3D /* Info.plist */,
				A298C4FC2A94388D0006FB3D /* CleanSwift_AppleMusicApp.xcdatamodeld */,
			);
			path = "CleanSwift-AppleMusicApp";
			sourceTree = "<group>";
		};
		A298C50A2A9438DC0006FB3D /* MusicSearchModule */ = {
			isa = PBXGroup;
			children = (
				A298C51E2A9443950006FB3D /* Entities */,
				A298C5182A943A620006FB3D /* Worker */,
				A298C5132A943A0A0006FB3D /* Router */,
				A298C5122A943A000006FB3D /* Presenter */,
				A298C5112A9439F70006FB3D /* Interactor */,
				A298C5102A9439E90006FB3D /* ViewController */,
				A298C50F2A9439DD0006FB3D /* Configurator */,
			);
			path = MusicSearchModule;
			sourceTree = "<group>";
		};
		A298C50F2A9439DD0006FB3D /* Configurator */ = {
			isa = PBXGroup;
			children = (
				A298C50B2A9439A30006FB3D /* MusicSearchConfigurator.swift */,
			);
			path = Configurator;
			sourceTree = "<group>";
		};
		A298C5102A9439E90006FB3D /* ViewController */ = {
			isa = PBXGroup;
			children = (
				A298C50D2A9439CC0006FB3D /* MusicSearchViewController.swift */,
			);
			path = ViewController;
			sourceTree = "<group>";
		};
		A298C5112A9439F70006FB3D /* Interactor */ = {
			isa = PBXGroup;
			children = (
				A298C5142A943A260006FB3D /* MusicSearchInteractor.swift */,
			);
			path = Interactor;
			sourceTree = "<group>";
		};
		A298C5122A943A000006FB3D /* Presenter */ = {
			isa = PBXGroup;
			children = (
				A298C5162A943A3B0006FB3D /* MusicSearchPresenter.swift */,
			);
			path = Presenter;
			sourceTree = "<group>";
		};
		A298C5132A943A0A0006FB3D /* Router */ = {
			isa = PBXGroup;
			children = (
			);
			path = Router;
			sourceTree = "<group>";
		};
		A298C5182A943A620006FB3D /* Worker */ = {
			isa = PBXGroup;
			children = (
				A298C5192A943A6D0006FB3D /* MusicSearchWorker.swift */,
			);
			path = Worker;
			sourceTree = "<group>";
		};
		A298C51B2A943F1A0006FB3D /* Managers */ = {
			isa = PBXGroup;
			children = (
				A298C51C2A943F280006FB3D /* MusicKitManager.swift */,
			);
			path = Managers;
			sourceTree = "<group>";
		};
		A298C51E2A9443950006FB3D /* Entities */ = {
			isa = PBXGroup;
			children = (
				A298C51F2A9443AD0006FB3D /* MusicSearchModels.swift */,
			);
			path = Entities;
			sourceTree = "<group>";
		};
/* End PBXGroup section */

/* Begin PBXNativeTarget section */
		A298C4EF2A94388D0006FB3D /* CleanSwift-AppleMusicApp */ = {
			isa = PBXNativeTarget;
			buildConfigurationList = A298C5072A94388E0006FB3D /* Build configuration list for PBXNativeTarget "CleanSwift-AppleMusicApp" */;
			buildPhases = (
				A298C4EC2A94388D0006FB3D /* Sources */,
				A298C4ED2A94388D0006FB3D /* Frameworks */,
				A298C4EE2A94388D0006FB3D /* Resources */,
			);
			buildRules = (
			);
			dependencies = (
			);
			name = "CleanSwift-AppleMusicApp";
			productName = "CleanSwift-AppleMusicApp";
			productReference = A298C4F02A94388D0006FB3D /* CleanSwift-AppleMusicApp.app */;
			productType = "com.apple.product-type.application";
		};
/* End PBXNativeTarget section */

/* Begin PBXProject section */
		A298C4E82A94388D0006FB3D /* Project object */ = {
			isa = PBXProject;
			attributes = {
				BuildIndependentTargetsInParallel = 1;
				LastSwiftUpdateCheck = 1430;
				LastUpgradeCheck = 1430;
				TargetAttributes = {
					A298C4EF2A94388D0006FB3D = {
						CreatedOnToolsVersion = 14.3.1;
					};
				};
			};
			buildConfigurationList = A298C4EB2A94388D0006FB3D /* Build configuration list for PBXProject "CleanSwift-AppleMusicApp" */;
			compatibilityVersion = "Xcode 14.0";
			developmentRegion = en;
			hasScannedForEncodings = 0;
			knownRegions = (
				en,
				Base,
			);
			mainGroup = A298C4E72A94388D0006FB3D;
			productRefGroup = A298C4F12A94388D0006FB3D /* Products */;
			projectDirPath = "";
			projectRoot = "";
			targets = (
				A298C4EF2A94388D0006FB3D /* CleanSwift-AppleMusicApp */,
			);
		};
/* End PBXProject section */

/* Begin PBXResourcesBuildPhase section */
		A298C4EE2A94388D0006FB3D /* Resources */ = {
			isa = PBXResourcesBuildPhase;
			buildActionMask = 2147483647;
			files = (
				A298C5032A94388E0006FB3D /* LaunchScreen.storyboard in Resources */,
				A298C5002A94388E0006FB3D /* Assets.xcassets in Resources */,
				A298C4FB2A94388D0006FB3D /* Main.storyboard in Resources */,
			);
			runOnlyForDeploymentPostprocessing = 0;
		};
/* End PBXResourcesBuildPhase section */

/* Begin PBXSourcesBuildPhase section */
		A298C4EC2A94388D0006FB3D /* Sources */ = {
			isa = PBXSourcesBuildPhase;
			buildActionMask = 2147483647;
			files = (
				A298C4FE2A94388D0006FB3D /* CleanSwift_AppleMusicApp.xcdatamodeld in Sources */,
				A298C51A2A943A6D0006FB3D /* MusicSearchWorker.swift in Sources */,
				A298C50C2A9439A30006FB3D /* MusicSearchConfigurator.swift in Sources */,
				A298C5202A9443AD0006FB3D /* MusicSearchModels.swift in Sources */,
				A298C4F82A94388D0006FB3D /* ViewController.swift in Sources */,
				A298C4F42A94388D0006FB3D /* AppDelegate.swift in Sources */,
				A298C5172A943A3B0006FB3D /* MusicSearchPresenter.swift in Sources */,
				A298C51D2A943F280006FB3D /* MusicKitManager.swift in Sources */,
				A298C50E2A9439CC0006FB3D /* MusicSearchViewController.swift in Sources */,
				A298C4F62A94388D0006FB3D /* SceneDelegate.swift in Sources */,
				A298C5152A943A260006FB3D /* MusicSearchInteractor.swift in Sources */,
			);
			runOnlyForDeploymentPostprocessing = 0;
		};
/* End PBXSourcesBuildPhase section */

/* Begin PBXVariantGroup section */
		A298C4F92A94388D0006FB3D /* Main.storyboard */ = {
			isa = PBXVariantGroup;
			children = (
				A298C4FA2A94388D0006FB3D /* Base */,
			);
			name = Main.storyboard;
			sourceTree = "<group>";
		};
		A298C5012A94388E0006FB3D /* LaunchScreen.storyboard */ = {
			isa = PBXVariantGroup;
			children = (
				A298C5022A94388E0006FB3D /* Base */,
			);
			name = LaunchScreen.storyboard;
			sourceTree = "<group>";
		};
/* End PBXVariantGroup section */

/* Begin XCBuildConfiguration section */
		A298C5052A94388E0006FB3D /* Debug */ = {
			isa = XCBuildConfiguration;
			buildSettings = {
				ALWAYS_SEARCH_USER_PATHS = NO;
				CLANG_ANALYZER_NONNULL = YES;
				CLANG_ANALYZER_NUMBER_OBJECT_CONVERSION = YES_AGGRESSIVE;
				CLANG_CXX_LANGUAGE_STANDARD = "gnu++20";
				CLANG_ENABLE_MODULES = YES;
				CLANG_ENABLE_OBJC_ARC = YES;
				CLANG_ENABLE_OBJC_WEAK = YES;
				CLANG_WARN_BLOCK_CAPTURE_AUTORELEASING = YES;
				CLANG_WARN_BOOL_CONVERSION = YES;
				CLANG_WARN_COMMA = YES;
				CLANG_WARN_CONSTANT_CONVERSION = YES;
				CLANG_WARN_DEPRECATED_OBJC_IMPLEMENTATIONS = YES;
				CLANG_WARN_DIRECT_OBJC_ISA_USAGE = YES_ERROR;
				CLANG_WARN_DOCUMENTATION_COMMENTS = YES;
				CLANG_WARN_EMPTY_BODY = YES;
				CLANG_WARN_ENUM_CONVERSION = YES;
				CLANG_WARN_INFINITE_RECURSION = YES;
				CLANG_WARN_INT_CONVERSION = YES;
				CLANG_WARN_NON_LITERAL_NULL_CONVERSION = YES;
				CLANG_WARN_OBJC_IMPLICIT_RETAIN_SELF = YES;
				CLANG_WARN_OBJC_LITERAL_CONVERSION = YES;
				CLANG_WARN_OBJC_ROOT_CLASS = YES_ERROR;
				CLANG_WARN_QUOTED_INCLUDE_IN_FRAMEWORK_HEADER = YES;
				CLANG_WARN_RANGE_LOOP_ANALYSIS = YES;
				CLANG_WARN_STRICT_PROTOTYPES = YES;
				CLANG_WARN_SUSPICIOUS_MOVE = YES;
				CLANG_WARN_UNGUARDED_AVAILABILITY = YES_AGGRESSIVE;
				CLANG_WARN_UNREACHABLE_CODE = YES;
				CLANG_WARN__DUPLICATE_METHOD_MATCH = YES;
				COPY_PHASE_STRIP = NO;
				DEBUG_INFORMATION_FORMAT = dwarf;
				ENABLE_STRICT_OBJC_MSGSEND = YES;
				ENABLE_TESTABILITY = YES;
				GCC_C_LANGUAGE_STANDARD = gnu11;
				GCC_DYNAMIC_NO_PIC = NO;
				GCC_NO_COMMON_BLOCKS = YES;
				GCC_OPTIMIZATION_LEVEL = 0;
				GCC_PREPROCESSOR_DEFINITIONS = (
					"DEBUG=1",
					"$(inherited)",
				);
				GCC_WARN_64_TO_32_BIT_CONVERSION = YES;
				GCC_WARN_ABOUT_RETURN_TYPE = YES_ERROR;
				GCC_WARN_UNDECLARED_SELECTOR = YES;
				GCC_WARN_UNINITIALIZED_AUTOS = YES_AGGRESSIVE;
				GCC_WARN_UNUSED_FUNCTION = YES;
				GCC_WARN_UNUSED_VARIABLE = YES;
				IPHONEOS_DEPLOYMENT_TARGET = 16.4;
				MTL_ENABLE_DEBUG_INFO = INCLUDE_SOURCE;
				MTL_FAST_MATH = YES;
				ONLY_ACTIVE_ARCH = YES;
				SDKROOT = iphoneos;
				SWIFT_ACTIVE_COMPILATION_CONDITIONS = DEBUG;
				SWIFT_OPTIMIZATION_LEVEL = "-Onone";
			};
			name = Debug;
		};
		A298C5062A94388E0006FB3D /* Release */ = {
			isa = XCBuildConfiguration;
			buildSettings = {
				ALWAYS_SEARCH_USER_PATHS = NO;
				CLANG_ANALYZER_NONNULL = YES;
				CLANG_ANALYZER_NUMBER_OBJECT_CONVERSION = YES_AGGRESSIVE;
				CLANG_CXX_LANGUAGE_STANDARD = "gnu++20";
				CLANG_ENABLE_MODULES = YES;
				CLANG_ENABLE_OBJC_ARC = YES;
				CLANG_ENABLE_OBJC_WEAK = YES;
				CLANG_WARN_BLOCK_CAPTURE_AUTORELEASING = YES;
				CLANG_WARN_BOOL_CONVERSION = YES;
				CLANG_WARN_COMMA = YES;
				CLANG_WARN_CONSTANT_CONVERSION = YES;
				CLANG_WARN_DEPRECATED_OBJC_IMPLEMENTATIONS = YES;
				CLANG_WARN_DIRECT_OBJC_ISA_USAGE = YES_ERROR;
				CLANG_WARN_DOCUMENTATION_COMMENTS = YES;
				CLANG_WARN_EMPTY_BODY = YES;
				CLANG_WARN_ENUM_CONVERSION = YES;
				CLANG_WARN_INFINITE_RECURSION = YES;
				CLANG_WARN_INT_CONVERSION = YES;
				CLANG_WARN_NON_LITERAL_NULL_CONVERSION = YES;
				CLANG_WARN_OBJC_IMPLICIT_RETAIN_SELF = YES;
				CLANG_WARN_OBJC_LITERAL_CONVERSION = YES;
				CLANG_WARN_OBJC_ROOT_CLASS = YES_ERROR;
				CLANG_WARN_QUOTED_INCLUDE_IN_FRAMEWORK_HEADER = YES;
				CLANG_WARN_RANGE_LOOP_ANALYSIS = YES;
				CLANG_WARN_STRICT_PROTOTYPES = YES;
				CLANG_WARN_SUSPICIOUS_MOVE = YES;
				CLANG_WARN_UNGUARDED_AVAILABILITY = YES_AGGRESSIVE;
				CLANG_WARN_UNREACHABLE_CODE = YES;
				CLANG_WARN__DUPLICATE_METHOD_MATCH = YES;
				COPY_PHASE_STRIP = NO;
				DEBUG_INFORMATION_FORMAT = "dwarf-with-dsym";
				ENABLE_NS_ASSERTIONS = NO;
				ENABLE_STRICT_OBJC_MSGSEND = YES;
				GCC_C_LANGUAGE_STANDARD = gnu11;
				GCC_NO_COMMON_BLOCKS = YES;
				GCC_WARN_64_TO_32_BIT_CONVERSION = YES;
				GCC_WARN_ABOUT_RETURN_TYPE = YES_ERROR;
				GCC_WARN_UNDECLARED_SELECTOR = YES;
				GCC_WARN_UNINITIALIZED_AUTOS = YES_AGGRESSIVE;
				GCC_WARN_UNUSED_FUNCTION = YES;
				GCC_WARN_UNUSED_VARIABLE = YES;
				IPHONEOS_DEPLOYMENT_TARGET = 16.4;
				MTL_ENABLE_DEBUG_INFO = NO;
				MTL_FAST_MATH = YES;
				SDKROOT = iphoneos;
				SWIFT_COMPILATION_MODE = wholemodule;
				SWIFT_OPTIMIZATION_LEVEL = "-O";
				VALIDATE_PRODUCT = YES;
			};
			name = Release;
		};
		A298C5082A94388E0006FB3D /* Debug */ = {
			isa = XCBuildConfiguration;
			buildSettings = {
				ASSETCATALOG_COMPILER_APPICON_NAME = AppIcon;
				ASSETCATALOG_COMPILER_GLOBAL_ACCENT_COLOR_NAME = AccentColor;
				CODE_SIGN_STYLE = Automatic;
				CURRENT_PROJECT_VERSION = 1;
				DEVELOPMENT_TEAM = 4CV999C7WN;
				GENERATE_INFOPLIST_FILE = YES;
				INFOPLIST_FILE = "CleanSwift-AppleMusicApp/Info.plist";
				INFOPLIST_KEY_UIApplicationSupportsIndirectInputEvents = YES;
				INFOPLIST_KEY_UILaunchStoryboardName = LaunchScreen;
				INFOPLIST_KEY_UIMainStoryboardFile = Main;
				INFOPLIST_KEY_UISupportedInterfaceOrientations_iPad = "UIInterfaceOrientationPortrait UIInterfaceOrientationPortraitUpsideDown UIInterfaceOrientationLandscapeLeft UIInterfaceOrientationLandscapeRight";
				INFOPLIST_KEY_UISupportedInterfaceOrientations_iPhone = "UIInterfaceOrientationPortrait UIInterfaceOrientationLandscapeLeft UIInterfaceOrientationLandscapeRight";
				LD_RUNPATH_SEARCH_PATHS = (
					"$(inherited)",
					"@executable_path/Frameworks",
				);
				MARKETING_VERSION = 1.0;
				PRODUCT_BUNDLE_IDENTIFIER = "IK.CleanSwift-AppleMusicApp";
				PRODUCT_NAME = "$(TARGET_NAME)";
				SWIFT_EMIT_LOC_STRINGS = YES;
				SWIFT_VERSION = 5.0;
				TARGETED_DEVICE_FAMILY = "1,2";
			};
			name = Debug;
		};
		A298C5092A94388E0006FB3D /* Release */ = {
			isa = XCBuildConfiguration;
			buildSettings = {
				ASSETCATALOG_COMPILER_APPICON_NAME = AppIcon;
				ASSETCATALOG_COMPILER_GLOBAL_ACCENT_COLOR_NAME = AccentColor;
				CODE_SIGN_STYLE = Automatic;
				CURRENT_PROJECT_VERSION = 1;
				DEVELOPMENT_TEAM = 4CV999C7WN;
				GENERATE_INFOPLIST_FILE = YES;
				INFOPLIST_FILE = "CleanSwift-AppleMusicApp/Info.plist";
				INFOPLIST_KEY_UIApplicationSupportsIndirectInputEvents = YES;
				INFOPLIST_KEY_UILaunchStoryboardName = LaunchScreen;
				INFOPLIST_KEY_UIMainStoryboardFile = Main;
				INFOPLIST_KEY_UISupportedInterfaceOrientations_iPad = "UIInterfaceOrientationPortrait UIInterfaceOrientationPortraitUpsideDown UIInterfaceOrientationLandscapeLeft UIInterfaceOrientationLandscapeRight";
				INFOPLIST_KEY_UISupportedInterfaceOrientations_iPhone = "UIInterfaceOrientationPortrait UIInterfaceOrientationLandscapeLeft UIInterfaceOrientationLandscapeRight";
				LD_RUNPATH_SEARCH_PATHS = (
					"$(inherited)",
					"@executable_path/Frameworks",
				);
				MARKETING_VERSION = 1.0;
				PRODUCT_BUNDLE_IDENTIFIER = "IK.CleanSwift-AppleMusicApp";
				PRODUCT_NAME = "$(TARGET_NAME)";
				SWIFT_EMIT_LOC_STRINGS = YES;
				SWIFT_VERSION = 5.0;
				TARGETED_DEVICE_FAMILY = "1,2";
			};
			name = Release;
		};
/* End XCBuildConfiguration section */

/* Begin XCConfigurationList section */
		A298C4EB2A94388D0006FB3D /* Build configuration list for PBXProject "CleanSwift-AppleMusicApp" */ = {
			isa = XCConfigurationList;
			buildConfigurations = (
				A298C5052A94388E0006FB3D /* Debug */,
				A298C5062A94388E0006FB3D /* Release */,
			);
			defaultConfigurationIsVisible = 0;
			defaultConfigurationName = Release;
		};
		A298C5072A94388E0006FB3D /* Build configuration list for PBXNativeTarget "CleanSwift-AppleMusicApp" */ = {
			isa = XCConfigurationList;
			buildConfigurations = (
				A298C5082A94388E0006FB3D /* Debug */,
				A298C5092A94388E0006FB3D /* Release */,
			);
			defaultConfigurationIsVisible = 0;
			defaultConfigurationName = Release;
		};
/* End XCConfigurationList section */

/* Begin XCVersionGroup section */
		A298C4FC2A94388D0006FB3D /* CleanSwift_AppleMusicApp.xcdatamodeld */ = {
			isa = XCVersionGroup;
			children = (
				A298C4FD2A94388D0006FB3D /* CleanSwift_AppleMusicApp.xcdatamodel */,
			);
			currentVersion = A298C4FD2A94388D0006FB3D /* CleanSwift_AppleMusicApp.xcdatamodel */;
			path = CleanSwift_AppleMusicApp.xcdatamodeld;
			sourceTree = "<group>";
			versionGroupType = wrapper.xcdatamodel;
		};
/* End XCVersionGroup section */
	};
	rootObject = A298C4E82A94388D0006FB3D /* Project object */;
}
